
Microsoft Visual Studio Solution File, Format Version 12.00
# Visual Studio Version 17
VisualStudioVersion = 17.1.32319.34
MinimumVisualStudioVersion = 10.0.40219.1
Project("{FAE04EC0-301F-11D3-BF4B-00C04F79EFBC}") = "Wordpad2", "Wordpad2\Wordpad2.csproj", "{98BB5262-8997-4AA5-9C6C-DE0713F9F3BA}"
EndProject
Global
	GlobalSection(SolutionConfigurationPlatforms) = preSolution
		Debug|Any CPU = Debug|Any CPU
		Release|Any CPU = Release|Any CPU
	EndGlobalSection
	GlobalSection(ProjectConfigurationPlatforms) = postSolution
		{98BB5262-8997-4AA5-9C6C-DE0713F9F3BA}.Debug|Any CPU.ActiveCfg = Debug|Any CPU
		{98BB5262-8997-4AA5-9C6C-DE0713F9F3BA}.Debug|Any CPU.Build.0 = Debug|Any CPU
		{98BB5262-8997-4AA5-9C6C-DE0713F9F3BA}.Release|Any CPU.ActiveCfg = Release|Any CPU
		{98BB5262-8997-4AA5-9C6C-DE0713F9F3BA}.Release|Any CPU.Build.0 = Release|Any CPU
	EndGlobalSection
	GlobalSection(SolutionProperties) = preSolution
		HideSolutionNode = FALSE
	EndGlobalSection
	GlobalSection(ExtensibilityGlobals) = postSolution
		SolutionGuid = {4DCC9E4F-F98F-4E60-9216-BC3B8261FA95}
	EndGlobalSection
EndGlobal
